
Microsoft Visual Studio Solution File, Format Version 12.00
# Visual Studio 15
Project("{8BC9CEB8-8B4A-11D0-8D11-00A0C91BC942}") = "ALL_BUILD", "ALL_BUILD.vcxproj", "{4023E1EF-A2BC-374B-B7F2-3859826B19F6}"
	ProjectSection(ProjectDependencies) = postProject
		{0D538F84-47F6-3A8A-AB5E-B2309A1794DA} = {0D538F84-47F6-3A8A-AB5E-B2309A1794DA}
		{4B63ECEA-02A2-37C8-969E-47170ED022D5} = {4B63ECEA-02A2-37C8-969E-47170ED022D5}
	EndProjectSection
EndProject
Project("{8BC9CEB8-8B4A-11D0-8D11-00A0C91BC942}") = "ZERO_CHECK", "..\\ZERO_CHECK.vcxproj", "{0D538F84-47F6-3A8A-AB5E-B2309A1794DA}"
	ProjectSection(ProjectDependencies) = postProject
	EndProjectSection
EndProject
Project("{8BC9CEB8-8B4A-11D0-8D11-00A0C91BC942}") = "box2d-lite", "..\src\box2d-lite.vcxproj", "{B6FD6089-CEF4-3412-9EA3-E06D088AE07C}"
	ProjectSection(ProjectDependencies) = postProject
		{0D538F84-47F6-3A8A-AB5E-B2309A1794DA} = {0D538F84-47F6-3A8A-AB5E-B2309A1794DA}
	EndProjectSection
EndProject
Project("{8BC9CEB8-8B4A-11D0-8D11-00A0C91BC942}") = "glad", "..\extern\glad\glad.vcxproj", "{52EACDD0-3ECD-3A9A-BC6D-BD22F661C124}"
	ProjectSection(ProjectDependencies) = postProject
		{0D538F84-47F6-3A8A-AB5E-B2309A1794DA} = {0D538F84-47F6-3A8A-AB5E-B2309A1794DA}
	EndProjectSection
EndProject
Project("{8BC9CEB8-8B4A-11D0-8D11-00A0C91BC942}") = "glfw", "..\extern\glfw\glfw.vcxproj", "{55D3FE45-F909-315D-B1D3-CB171042DA09}"
	ProjectSection(ProjectDependencies) = postProject
		{0D538F84-47F6-3A8A-AB5E-B2309A1794DA} = {0D538F84-47F6-3A8A-AB5E-B2309A1794DA}
	EndProjectSection
EndProject
Project("{8BC9CEB8-8B4A-11D0-8D11-00A0C91BC942}") = "imgui", "..\extern\imgui\imgui.vcxproj", "{957106B9-FF46-3C1D-876D-C85A1429B633}"
	ProjectSection(ProjectDependencies) = postProject
		{0D538F84-47F6-3A8A-AB5E-B2309A1794DA} = {0D538F84-47F6-3A8A-AB5E-B2309A1794DA}
	EndProjectSection
EndProject
Project("{8BC9CEB8-8B4A-11D0-8D11-00A0C91BC942}") = "samples", "samples.vcxproj", "{4B63ECEA-02A2-37C8-969E-47170ED022D5}"
	ProjectSection(ProjectDependencies) = postProject
		{0D538F84-47F6-3A8A-AB5E-B2309A1794DA} = {0D538F84-47F6-3A8A-AB5E-B2309A1794DA}
		{B6FD6089-CEF4-3412-9EA3-E06D088AE07C} = {B6FD6089-CEF4-3412-9EA3-E06D088AE07C}
		{52EACDD0-3ECD-3A9A-BC6D-BD22F661C124} = {52EACDD0-3ECD-3A9A-BC6D-BD22F661C124}
		{55D3FE45-F909-315D-B1D3-CB171042DA09} = {55D3FE45-F909-315D-B1D3-CB171042DA09}
		{957106B9-FF46-3C1D-876D-C85A1429B633} = {957106B9-FF46-3C1D-876D-C85A1429B633}
	EndProjectSection
EndProject
Global
	GlobalSection(SolutionConfigurationPlatforms) = preSolution
		Debug|Win32 = Debug|Win32
		Release|Win32 = Release|Win32
		MinSizeRel|Win32 = MinSizeRel|Win32
		RelWithDebInfo|Win32 = RelWithDebInfo|Win32
	EndGlobalSection
	GlobalSection(ProjectConfigurationPlatforms) = postSolution
		{4023E1EF-A2BC-374B-B7F2-3859826B19F6}.Debug|Win32.ActiveCfg = Debug|Win32
		{4023E1EF-A2BC-374B-B7F2-3859826B19F6}.Release|Win32.ActiveCfg = Release|Win32
		{4023E1EF-A2BC-374B-B7F2-3859826B19F6}.MinSizeRel|Win32.ActiveCfg = MinSizeRel|Win32
		{4023E1EF-A2BC-374B-B7F2-3859826B19F6}.RelWithDebInfo|Win32.ActiveCfg = RelWithDebInfo|Win32
		{0D538F84-47F6-3A8A-AB5E-B2309A1794DA}.Debug|Win32.ActiveCfg = Debug|Win32
		{0D538F84-47F6-3A8A-AB5E-B2309A1794DA}.Debug|Win32.Build.0 = Debug|Win32
		{0D538F84-47F6-3A8A-AB5E-B2309A1794DA}.Release|Win32.ActiveCfg = Release|Win32
		{0D538F84-47F6-3A8A-AB5E-B2309A1794DA}.Release|Win32.Build.0 = Release|Win32
		{0D538F84-47F6-3A8A-AB5E-B2309A1794DA}.MinSizeRel|Win32.ActiveCfg = MinSizeRel|Win32
		{0D538F84-47F6-3A8A-AB5E-B2309A1794DA}.MinSizeRel|Win32.Build.0 = MinSizeRel|Win32
		{0D538F84-47F6-3A8A-AB5E-B2309A1794DA}.RelWithDebInfo|Win32.ActiveCfg = RelWithDebInfo|Win32
		{0D538F84-47F6-3A8A-AB5E-B2309A1794DA}.RelWithDebInfo|Win32.Build.0 = RelWithDebInfo|Win32
		{B6FD6089-CEF4-3412-9EA3-E06D088AE07C}.Debug|Win32.ActiveCfg = Debug|Win32
		{B6FD6089-CEF4-3412-9EA3-E06D088AE07C}.Debug|Win32.Build.0 = Debug|Win32
		{B6FD6089-CEF4-3412-9EA3-E06D088AE07C}.Release|Win32.ActiveCfg = Release|Win32
		{B6FD6089-CEF4-3412-9EA3-E06D088AE07C}.Release|Win32.Build.0 = Release|Win32
		{B6FD6089-CEF4-3412-9EA3-E06D088AE07C}.MinSizeRel|Win32.ActiveCfg = MinSizeRel|Win32
		{B6FD6089-CEF4-3412-9EA3-E06D088AE07C}.MinSizeRel|Win32.Build.0 = MinSizeRel|Win32
		{B6FD6089-CEF4-3412-9EA3-E06D088AE07C}.RelWithDebInfo|Win32.ActiveCfg = RelWithDebInfo|Win32
		{B6FD6089-CEF4-3412-9EA3-E06D088AE07C}.RelWithDebInfo|Win32.Build.0 = RelWithDebInfo|Win32
		{52EACDD0-3ECD-3A9A-BC6D-BD22F661C124}.Debug|Win32.ActiveCfg = Debug|Win32
		{52EACDD0-3ECD-3A9A-BC6D-BD22F661C124}.Debug|Win32.Build.0 = Debug|Win32
		{52EACDD0-3ECD-3A9A-BC6D-BD22F661C124}.Release|Win32.ActiveCfg = Release|Win32
		{52EACDD0-3ECD-3A9A-BC6D-BD22F661C124}.Release|Win32.Build.0 = Release|Win32
		{52EACDD0-3ECD-3A9A-BC6D-BD22F661C124}.MinSizeRel|Win32.ActiveCfg = MinSizeRel|Win32
		{52EACDD0-3ECD-3A9A-BC6D-BD22F661C124}.MinSizeRel|Win32.Build.0 = MinSizeRel|Win32
		{52EACDD0-3ECD-3A9A-BC6D-BD22F661C124}.RelWithDebInfo|Win32.ActiveCfg = RelWithDebInfo|Win32
		{52EACDD0-3ECD-3A9A-BC6D-BD22F661C124}.RelWithDebInfo|Win32.Build.0 = RelWithDebInfo|Win32
		{55D3FE45-F909-315D-B1D3-CB171042DA09}.Debug|Win32.ActiveCfg = Debug|Win32
		{55D3FE45-F909-315D-B1D3-CB171042DA09}.Debug|Win32.Build.0 = Debug|Win32
		{55D3FE45-F909-315D-B1D3-CB171042DA09}.Release|Win32.ActiveCfg = Release|Win32
		{55D3FE45-F909-315D-B1D3-CB171042DA09}.Release|Win32.Build.0 = Release|Win32
		{55D3FE45-F909-315D-B1D3-CB171042DA09}.MinSizeRel|Win32.ActiveCfg = MinSizeRel|Win32
		{55D3FE45-F909-315D-B1D3-CB171042DA09}.MinSizeRel|Win32.Build.0 = MinSizeRel|Win32
		{55D3FE45-F909-315D-B1D3-CB171042DA09}.RelWithDebInfo|Win32.ActiveCfg = RelWithDebInfo|Win32
		{55D3FE45-F909-315D-B1D3-CB171042DA09}.RelWithDebInfo|Win32.Build.0 = RelWithDebInfo|Win32
		{957106B9-FF46-3C1D-876D-C85A1429B633}.Debug|Win32.ActiveCfg = Debug|Win32
		{957106B9-FF46-3C1D-876D-C85A1429B633}.Debug|Win32.Build.0 = Debug|Win32
		{957106B9-FF46-3C1D-876D-C85A1429B633}.Release|Win32.ActiveCfg = Release|Win32
		{957106B9-FF46-3C1D-876D-C85A1429B633}.Release|Win32.Build.0 = Release|Win32
		{957106B9-FF46-3C1D-876D-C85A1429B633}.MinSizeRel|Win32.ActiveCfg = MinSizeRel|Win32
		{957106B9-FF46-3C1D-876D-C85A1429B633}.MinSizeRel|Win32.Build.0 = MinSizeRel|Win32
		{957106B9-FF46-3C1D-876D-C85A1429B633}.RelWithDebInfo|Win32.ActiveCfg = RelWithDebInfo|Win32
		{957106B9-FF46-3C1D-876D-C85A1429B633}.RelWithDebInfo|Win32.Build.0 = RelWithDebInfo|Win32
		{4B63ECEA-02A2-37C8-969E-47170ED022D5}.Debug|Win32.ActiveCfg = Debug|Win32
		{4B63ECEA-02A2-37C8-969E-47170ED022D5}.Debug|Win32.Build.0 = Debug|Win32
		{4B63ECEA-02A2-37C8-969E-47170ED022D5}.Release|Win32.ActiveCfg = Release|Win32
		{4B63ECEA-02A2-37C8-969E-47170ED022D5}.Release|Win32.Build.0 = Release|Win32
		{4B63ECEA-02A2-37C8-969E-47170ED022D5}.MinSizeRel|Win32.ActiveCfg = MinSizeRel|Win32
		{4B63ECEA-02A2-37C8-969E-47170ED022D5}.MinSizeRel|Win32.Build.0 = MinSizeRel|Win32
		{4B63ECEA-02A2-37C8-969E-47170ED022D5}.RelWithDebInfo|Win32.ActiveCfg = RelWithDebInfo|Win32
		{4B63ECEA-02A2-37C8-969E-47170ED022D5}.RelWithDebInfo|Win32.Build.0 = RelWithDebInfo|Win32
	EndGlobalSection
	GlobalSection(ExtensibilityGlobals) = postSolution
		SolutionGuid = {7E273F4F-9EC3-37F8-93A5-59CB249DF777}
	EndGlobalSection
	GlobalSection(ExtensibilityAddIns) = postSolution
	EndGlobalSection
EndGlobal
